// !$*UTF8*$!
{
	archiveVersion = 1;
	classes = {
	};
	objectVersion = 51;
	objects = {

/* Begin PBXBuildFile section */
		6C55A8C42508DAD1007B5187 /* Models.swift in Sources */ = {isa = PBXBuildFile; fileRef = 6C55A8C32508DAD1007B5187 /* Models.swift */; };
		6C55A8C625093B2D007B5187 /* RecipeViewController.swift in Sources */ = {isa = PBXBuildFile; fileRef = 6C55A8C525093B2D007B5187 /* RecipeViewController.swift */; };
		6C55A8C925093BB7007B5187 /* Products.json in Resources */ = {isa = PBXBuildFile; fileRef = 6C55A8C825093BB7007B5187 /* Products.json */; };
		6C55A8CB25093CD4007B5187 /* Extensions.swift in Sources */ = {isa = PBXBuildFile; fileRef = 6C55A8CA25093CD4007B5187 /* Extensions.swift */; };
		6C60004B24FA579700D16F98 /* AppDelegate.swift in Sources */ = {isa = PBXBuildFile; fileRef = 6C60004A24FA579700D16F98 /* AppDelegate.swift */; };
		6C60004D24FA579700D16F98 /* SceneDelegate.swift in Sources */ = {isa = PBXBuildFile; fileRef = 6C60004C24FA579700D16F98 /* SceneDelegate.swift */; };
		6C60004F24FA579700D16F98 /* ViewController.swift in Sources */ = {isa = PBXBuildFile; fileRef = 6C60004E24FA579700D16F98 /* ViewController.swift */; };
		6C60005424FA579700D16F98 /* ContentView.swift in Sources */ = {isa = PBXBuildFile; fileRef = 6C60005324FA579700D16F98 /* ContentView.swift */; };
		6C60005624FA579900D16F98 /* Assets.xcassets in Resources */ = {isa = PBXBuildFile; fileRef = 6C60005524FA579900D16F98 /* Assets.xcassets */; };
		6C60005924FA579900D16F98 /* LaunchScreen.storyboard in Resources */ = {isa = PBXBuildFile; fileRef = 6C60005724FA579900D16F98 /* LaunchScreen.storyboard */; };
		6C60006324FA586000D16F98 /* DrawingBoundingBoxView.swift in Sources */ = {isa = PBXBuildFile; fileRef = 6C60006124FA586000D16F98 /* DrawingBoundingBoxView.swift */; };
		6C60006424FA586000D16F98 /* VideoCapture.swift in Sources */ = {isa = PBXBuildFile; fileRef = 6C60006224FA586000D16F98 /* VideoCapture.swift */; };
		6C60006624FA593300D16F98 /* Fritz-Info.plist in Resources */ = {isa = PBXBuildFile; fileRef = 6C60006524FA593300D16F98 /* Fritz-Info.plist */; };
		6C60006824FA5DC800D16F98 /* SeedImagesAccurate+Fritz.swift in Sources */ = {isa = PBXBuildFile; fileRef = 6C60006724FA5DC800D16F98 /* SeedImagesAccurate+Fritz.swift */; };
		6C60006A24FA5E1800D16F98 /* SeedImagesAccurate.mlmodel in Sources */ = {isa = PBXBuildFile; fileRef = 6C60006924FA5E1800D16F98 /* SeedImagesAccurate.mlmodel */; };
		AD6EE2ABD9B031F1D566BB94 /* Pods_product_homemade_recipe.framework in Frameworks */ = {isa = PBXBuildFile; fileRef = CD0049B709022E6421068B7E /* Pods_product_homemade_recipe.framework */; };
/* End PBXBuildFile section */

/* Begin PBXFileReference section */
		0C22815E4E8A25385E7907FD /* Pods-product_homemade_recipe.release.xcconfig */ = {isa = PBXFileReference; includeInIndex = 1; lastKnownFileType = text.xcconfig; name = "Pods-product_homemade_recipe.release.xcconfig"; path = "Target Support Files/Pods-product_homemade_recipe/Pods-product_homemade_recipe.release.xcconfig"; sourceTree = "<group>"; };
		6C55A8C32508DAD1007B5187 /* Models.swift */ = {isa = PBXFileReference; lastKnownFileType = sourcecode.swift; path = Models.swift; sourceTree = "<group>"; };
		6C55A8C525093B2D007B5187 /* RecipeViewController.swift */ = {isa = PBXFileReference; lastKnownFileType = sourcecode.swift; path = RecipeViewController.swift; sourceTree = "<group>"; };
		6C55A8C825093BB7007B5187 /* Products.json */ = {isa = PBXFileReference; lastKnownFileType = text.json; path = Products.json; sourceTree = "<group>"; };
		6C55A8CA25093CD4007B5187 /* Extensions.swift */ = {isa = PBXFileReference; lastKnownFileType = sourcecode.swift; path = Extensions.swift; sourceTree = "<group>"; };
		6C60004724FA579700D16F98 /* product_homemade_recipe.app */ = {isa = PBXFileReference; explicitFileType = wrapper.application; includeInIndex = 0; path = product_homemade_recipe.app; sourceTree = BUILT_PRODUCTS_DIR; };
		6C60004A24FA579700D16F98 /* AppDelegate.swift */ = {isa = PBXFileReference; lastKnownFileType = sourcecode.swift; path = AppDelegate.swift; sourceTree = "<group>"; };
		6C60004C24FA579700D16F98 /* SceneDelegate.swift */ = {isa = PBXFileReference; lastKnownFileType = sourcecode.swift; path = SceneDelegate.swift; sourceTree = "<group>"; };
		6C60004E24FA579700D16F98 /* ViewController.swift */ = {isa = PBXFileReference; lastKnownFileType = sourcecode.swift; path = ViewController.swift; sourceTree = "<group>"; };
		6C60005324FA579700D16F98 /* ContentView.swift */ = {isa = PBXFileReference; lastKnownFileType = sourcecode.swift; path = ContentView.swift; sourceTree = "<group>"; };
		6C60005524FA579900D16F98 /* Assets.xcassets */ = {isa = PBXFileReference; lastKnownFileType = folder.assetcatalog; path = Assets.xcassets; sourceTree = "<group>"; };
		6C60005824FA579900D16F98 /* Base */ = {isa = PBXFileReference; lastKnownFileType = file.storyboard; name = Base; path = Base.lproj/LaunchScreen.storyboard; sourceTree = "<group>"; };
		6C60005A24FA579900D16F98 /* Info.plist */ = {isa = PBXFileReference; lastKnownFileType = text.plist.xml; path = Info.plist; sourceTree = "<group>"; };
		6C60006124FA586000D16F98 /* DrawingBoundingBoxView.swift */ = {isa = PBXFileReference; fileEncoding = 4; lastKnownFileType = sourcecode.swift; path = DrawingBoundingBoxView.swift; sourceTree = "<group>"; };
		6C60006224FA586000D16F98 /* VideoCapture.swift */ = {isa = PBXFileReference; fileEncoding = 4; lastKnownFileType = sourcecode.swift; path = VideoCapture.swift; sourceTree = "<group>"; };
		6C60006524FA593300D16F98 /* Fritz-Info.plist */ = {isa = PBXFileReference; fileEncoding = 4; lastKnownFileType = text.plist.xml; path = "Fritz-Info.plist"; sourceTree = "<group>"; };
		6C60006724FA5DC800D16F98 /* SeedImagesAccurate+Fritz.swift */ = {isa = PBXFileReference; lastKnownFileType = sourcecode.swift; path = "SeedImagesAccurate+Fritz.swift"; sourceTree = "<group>"; };
		6C60006924FA5E1800D16F98 /* SeedImagesAccurate.mlmodel */ = {isa = PBXFileReference; lastKnownFileType = file.mlmodel; path = SeedImagesAccurate.mlmodel; sourceTree = "<group>"; };
		7A35A07833E210F0B1EF5114 /* Pods-product_homemade_recipe.debug.xcconfig */ = {isa = PBXFileReference; includeInIndex = 1; lastKnownFileType = text.xcconfig; name = "Pods-product_homemade_recipe.debug.xcconfig"; path = "Target Support Files/Pods-product_homemade_recipe/Pods-product_homemade_recipe.debug.xcconfig"; sourceTree = "<group>"; };
		CD0049B709022E6421068B7E /* Pods_product_homemade_recipe.framework */ = {isa = PBXFileReference; explicitFileType = wrapper.framework; includeInIndex = 0; path = Pods_product_homemade_recipe.framework; sourceTree = BUILT_PRODUCTS_DIR; };
/* End PBXFileReference section */

/* Begin PBXFrameworksBuildPhase section */
		6C60004424FA579700D16F98 /* Frameworks */ = {
			isa = PBXFrameworksBuildPhase;
			buildActionMask = 2147483647;
			files = (
				AD6EE2ABD9B031F1D566BB94 /* Pods_product_homemade_recipe.framework in Frameworks */,
			);
			runOnlyForDeploymentPostprocessing = 0;
		};
/* End PBXFrameworksBuildPhase section */

/* Begin PBXGroup section */
		4D4360D2501327199BCE7DA1 /* Frameworks */ = {
			isa = PBXGroup;
			children = (
				CD0049B709022E6421068B7E /* Pods_product_homemade_recipe.framework */,
			);
			name = Frameworks;
			sourceTree = "<group>";
		};
		6C55A8C725093BA3007B5187 /* JSON */ = {
			isa = PBXGroup;
			children = (
				6C55A8C825093BB7007B5187 /* Products.json */,
			);
			path = JSON;
			sourceTree = "<group>";
		};
		6C60003E24FA579700D16F98 = {
			isa = PBXGroup;
			children = (
				6C60004924FA579700D16F98 /* product_homemade_recipe */,
				6C60004824FA579700D16F98 /* Products */,
				7F2D778D8434F9C01D82FE4F /* Pods */,
				4D4360D2501327199BCE7DA1 /* Frameworks */,
			);
			sourceTree = "<group>";
		};
		6C60004824FA579700D16F98 /* Products */ = {
			isa = PBXGroup;
			children = (
				6C60004724FA579700D16F98 /* product_homemade_recipe.app */,
			);
			name = Products;
			sourceTree = "<group>";
		};
		6C60004924FA579700D16F98 /* product_homemade_recipe */ = {
			isa = PBXGroup;
			children = (
				6C55A8C725093BA3007B5187 /* JSON */,
				6C60006924FA5E1800D16F98 /* SeedImagesAccurate.mlmodel */,
				6C60006024FA586000D16F98 /* Utilities */,
				6C60004A24FA579700D16F98 /* AppDelegate.swift */,
				6C60004C24FA579700D16F98 /* SceneDelegate.swift */,
				6C60004E24FA579700D16F98 /* ViewController.swift */,
				6C60005324FA579700D16F98 /* ContentView.swift */,
				6C60005524FA579900D16F98 /* Assets.xcassets */,
				6C60005724FA579900D16F98 /* LaunchScreen.storyboard */,
				6C60005A24FA579900D16F98 /* Info.plist */,
				6C60006524FA593300D16F98 /* Fritz-Info.plist */,
				6C60006724FA5DC800D16F98 /* SeedImagesAccurate+Fritz.swift */,
				6C55A8C32508DAD1007B5187 /* Models.swift */,
				6C55A8C525093B2D007B5187 /* RecipeViewController.swift */,
				6C55A8CA25093CD4007B5187 /* Extensions.swift */,
			);
			path = product_homemade_recipe;
			sourceTree = "<group>";
		};
		6C60006024FA586000D16F98 /* Utilities */ = {
			isa = PBXGroup;
			children = (
				6C60006124FA586000D16F98 /* DrawingBoundingBoxView.swift */,
				6C60006224FA586000D16F98 /* VideoCapture.swift */,
			);
			path = Utilities;
			sourceTree = "<group>";
		};
		7F2D778D8434F9C01D82FE4F /* Pods */ = {
			isa = PBXGroup;
			children = (
				7A35A07833E210F0B1EF5114 /* Pods-product_homemade_recipe.debug.xcconfig */,
				0C22815E4E8A25385E7907FD /* Pods-product_homemade_recipe.release.xcconfig */,
			);
			path = Pods;
			sourceTree = "<group>";
		};
/* End PBXGroup section */

/* Begin PBXNativeTarget section */
		6C60004624FA579700D16F98 /* product_homemade_recipe */ = {
			isa = PBXNativeTarget;
			buildConfigurationList = 6C60005D24FA579900D16F98 /* Build configuration list for PBXNativeTarget "product_homemade_recipe" */;
			buildPhases = (
				B543B0047840A4658A3D208F /* [CP] Check Pods Manifest.lock */,
				6C60004324FA579700D16F98 /* Sources */,
				6C60004424FA579700D16F98 /* Frameworks */,
				6C60004524FA579700D16F98 /* Resources */,
				24356CD6FBF109D3229399DC /* [CP] Embed Pods Frameworks */,
			);
			buildRules = (
			);
			dependencies = (
			);
			name = product_homemade_recipe;
			productName = product_homemade_recipe;
			productReference = 6C60004724FA579700D16F98 /* product_homemade_recipe.app */;
			productType = "com.apple.product-type.application";
		};
/* End PBXNativeTarget section */

/* Begin PBXProject section */
		6C60003F24FA579700D16F98 /* Project object */ = {
			isa = PBXProject;
			attributes = {
				LastSwiftUpdateCheck = 1200;
				LastUpgradeCheck = 1200;
				TargetAttributes = {
					6C60004624FA579700D16F98 = {
						CreatedOnToolsVersion = 12.0;
					};
				};
			};
			buildConfigurationList = 6C60004224FA579700D16F98 /* Build configuration list for PBXProject "product_homemade_recipe" */;
			compatibilityVersion = "Xcode 9.3";
			developmentRegion = en;
			hasScannedForEncodings = 0;
			knownRegions = (
				en,
				Base,
			);
			mainGroup = 6C60003E24FA579700D16F98;
			productRefGroup = 6C60004824FA579700D16F98 /* Products */;
			projectDirPath = "";
			projectRoot = "";
			targets = (
				6C60004624FA579700D16F98 /* product_homemade_recipe */,
			);
		};
/* End PBXProject section */

/* Begin PBXResourcesBuildPhase section */
		6C60004524FA579700D16F98 /* Resources */ = {
			isa = PBXResourcesBuildPhase;
			buildActionMask = 2147483647;
			files = (
				6C60005924FA579900D16F98 /* LaunchScreen.storyboard in Resources */,
				6C55A8C925093BB7007B5187 /* Products.json in Resources */,
				6C60005624FA579900D16F98 /* Assets.xcassets in Resources */,
				6C60006624FA593300D16F98 /* Fritz-Info.plist in Resources */,
			);
			runOnlyForDeploymentPostprocessing = 0;
		};
/* End PBXResourcesBuildPhase section */

/* Begin PBXShellScriptBuildPhase section */
		24356CD6FBF109D3229399DC /* [CP] Embed Pods Frameworks */ = {
			isa = PBXShellScriptBuildPhase;
			buildActionMask = 2147483647;
			files = (
			);
			inputFileListPaths = (
				"${PODS_ROOT}/Target Support Files/Pods-product_homemade_recipe/Pods-product_homemade_recipe-frameworks-${CONFIGURATION}-input-files.xcfilelist",
			);
			name = "[CP] Embed Pods Frameworks";
			outputFileListPaths = (
				"${PODS_ROOT}/Target Support Files/Pods-product_homemade_recipe/Pods-product_homemade_recipe-frameworks-${CONFIGURATION}-output-files.xcfilelist",
			);
			runOnlyForDeploymentPostprocessing = 0;
			shellPath = /bin/sh;
			shellScript = "\"${PODS_ROOT}/Target Support Files/Pods-product_homemade_recipe/Pods-product_homemade_recipe-frameworks.sh\"\n";
			showEnvVarsInLog = 0;
		};
		B543B0047840A4658A3D208F /* [CP] Check Pods Manifest.lock */ = {
			isa = PBXShellScriptBuildPhase;
			buildActionMask = 2147483647;
			files = (
			);
			inputFileListPaths = (
			);
			inputPaths = (
				"${PODS_PODFILE_DIR_PATH}/Podfile.lock",
				"${PODS_ROOT}/Manifest.lock",
			);
			name = "[CP] Check Pods Manifest.lock";
			outputFileListPaths = (
			);
			outputPaths = (
				"$(DERIVED_FILE_DIR)/Pods-product_homemade_recipe-checkManifestLockResult.txt",
			);
			runOnlyForDeploymentPostprocessing = 0;
			shellPath = /bin/sh;
			shellScript = "diff \"${PODS_PODFILE_DIR_PATH}/Podfile.lock\" \"${PODS_ROOT}/Manifest.lock\" > /dev/null\nif [ $? != 0 ] ; then\n    # print error to STDERR\n    echo \"error: The sandbox is not in sync with the Podfile.lock. Run 'pod install' or update your CocoaPods installation.\" >&2\n    exit 1\nfi\n# This output is used by Xcode 'outputs' to avoid re-running this script phase.\necho \"SUCCESS\" > \"${SCRIPT_OUTPUT_FILE_0}\"\n";
			showEnvVarsInLog = 0;
		};
/* End PBXShellScriptBuildPhase section */

/* Begin PBXSourcesBuildPhase section */
		6C60004324FA579700D16F98 /* Sources */ = {
			isa = PBXSourcesBuildPhase;
			buildActionMask = 2147483647;
			files = (
				6C60004F24FA579700D16F98 /* ViewController.swift in Sources */,
				6C60006A24FA5E1800D16F98 /* SeedImagesAccurate.mlmodel in Sources */,
				6C60006824FA5DC800D16F98 /* SeedImagesAccurate+Fritz.swift in Sources */,
				6C60004B24FA579700D16F98 /* AppDelegate.swift in Sources */,
				6C55A8C625093B2D007B5187 /* RecipeViewController.swift in Sources */,
				6C60005424FA579700D16F98 /* ContentView.swift in Sources */,
				6C60006324FA586000D16F98 /* DrawingBoundingBoxView.swift in Sources */,
				6C55A8C42508DAD1007B5187 /* Models.swift in Sources */,
				6C60006424FA586000D16F98 /* VideoCapture.swift in Sources */,
				6C55A8CB25093CD4007B5187 /* Extensions.swift in Sources */,
				6C60004D24FA579700D16F98 /* SceneDelegate.swift in Sources */,
			);
			runOnlyForDeploymentPostprocessing = 0;
		};
/* End PBXSourcesBuildPhase section */

/* Begin PBXVariantGroup section */
		6C60005724FA579900D16F98 /* LaunchScreen.storyboard */ = {
			isa = PBXVariantGroup;
			children = (
				6C60005824FA579900D16F98 /* Base */,
			);
			name = LaunchScreen.storyboard;
			sourceTree = "<group>";
		};
/* End PBXVariantGroup section */

/* Begin XCBuildConfiguration section */
		6C60005B24FA579900D16F98 /* Debug */ = {
			isa = XCBuildConfiguration;
			buildSettings = {
				ALWAYS_SEARCH_USER_PATHS = NO;
				CLANG_ANALYZER_NONNULL = YES;
				CLANG_ANALYZER_NUMBER_OBJECT_CONVERSION = YES_AGGRESSIVE;
				CLANG_CXX_LANGUAGE_STANDARD = "gnu++14";
				CLANG_CXX_LIBRARY = "libc++";
				CLANG_ENABLE_MODULES = YES;
				CLANG_ENABLE_OBJC_ARC = YES;
				CLANG_ENABLE_OBJC_WEAK = YES;
				CLANG_WARN_BLOCK_CAPTURE_AUTORELEASING = YES;
				CLANG_WARN_BOOL_CONVERSION = YES;
				CLANG_WARN_COMMA = YES;
				CLANG_WARN_CONSTANT_CONVERSION = YES;
				CLANG_WARN_DEPRECATED_OBJC_IMPLEMENTATIONS = YES;
				CLANG_WARN_DIRECT_OBJC_ISA_USAGE = YES_ERROR;
				CLANG_WARN_DOCUMENTATION_COMMENTS = YES;
				CLANG_WARN_EMPTY_BODY = YES;
				CLANG_WARN_ENUM_CONVERSION = YES;
				CLANG_WARN_INFINITE_RECURSION = YES;
				CLANG_WARN_INT_CONVERSION = YES;
				CLANG_WARN_NON_LITERAL_NULL_CONVERSION = YES;
				CLANG_WARN_OBJC_IMPLICIT_RETAIN_SELF = YES;
				CLANG_WARN_OBJC_LITERAL_CONVERSION = YES;
				CLANG_WARN_OBJC_ROOT_CLASS = YES_ERROR;
				CLANG_WARN_QUOTED_INCLUDE_IN_FRAMEWORK_HEADER = YES;
				CLANG_WARN_RANGE_LOOP_ANALYSIS = YES;
				CLANG_WARN_STRICT_PROTOTYPES = YES;
				CLANG_WARN_SUSPICIOUS_MOVE = YES;
				CLANG_WARN_UNGUARDED_AVAILABILITY = YES_AGGRESSIVE;
				CLANG_WARN_UNREACHABLE_CODE = YES;
				CLANG_WARN__DUPLICATE_METHOD_MATCH = YES;
				COPY_PHASE_STRIP = NO;
				DEBUG_INFORMATION_FORMAT = dwarf;
				ENABLE_STRICT_OBJC_MSGSEND = YES;
				ENABLE_TESTABILITY = YES;
				GCC_C_LANGUAGE_STANDARD = gnu11;
				GCC_DYNAMIC_NO_PIC = NO;
				GCC_NO_COMMON_BLOCKS = YES;
				GCC_OPTIMIZATION_LEVEL = 0;
				GCC_PREPROCESSOR_DEFINITIONS = (
					"DEBUG=1",
					"$(inherited)",
				);
				GCC_WARN_64_TO_32_BIT_CONVERSION = YES;
				GCC_WARN_ABOUT_RETURN_TYPE = YES_ERROR;
				GCC_WARN_UNDECLARED_SELECTOR = YES;
				GCC_WARN_UNINITIALIZED_AUTOS = YES_AGGRESSIVE;
				GCC_WARN_UNUSED_FUNCTION = YES;
				GCC_WARN_UNUSED_VARIABLE = YES;
				IPHONEOS_DEPLOYMENT_TARGET = 14.0;
				MTL_ENABLE_DEBUG_INFO = INCLUDE_SOURCE;
				MTL_FAST_MATH = YES;
				ONLY_ACTIVE_ARCH = YES;
				SDKROOT = iphoneos;
				SWIFT_ACTIVE_COMPILATION_CONDITIONS = DEBUG;
				SWIFT_OPTIMIZATION_LEVEL = "-Onone";
			};
			name = Debug;
		};
		6C60005C24FA579900D16F98 /* Release */ = {
			isa = XCBuildConfiguration;
			buildSettings = {
				ALWAYS_SEARCH_USER_PATHS = NO;
				CLANG_ANALYZER_NONNULL = YES;
				CLANG_ANALYZER_NUMBER_OBJECT_CONVERSION = YES_AGGRESSIVE;
				CLANG_CXX_LANGUAGE_STANDARD = "gnu++14";
				CLANG_CXX_LIBRARY = "libc++";
				CLANG_ENABLE_MODULES = YES;
				CLANG_ENABLE_OBJC_ARC = YES;
				CLANG_ENABLE_OBJC_WEAK = YES;
				CLANG_WARN_BLOCK_CAPTURE_AUTORELEASING = YES;
				CLANG_WARN_BOOL_CONVERSION = YES;
				CLANG_WARN_COMMA = YES;
				CLANG_WARN_CONSTANT_CONVERSION = YES;
				CLANG_WARN_DEPRECATED_OBJC_IMPLEMENTATIONS = YES;
				CLANG_WARN_DIRECT_OBJC_ISA_USAGE = YES_ERROR;
				CLANG_WARN_DOCUMENTATION_COMMENTS = YES;
				CLANG_WARN_EMPTY_BODY = YES;
				CLANG_WARN_ENUM_CONVERSION = YES;
				CLANG_WARN_INFINITE_RECURSION = YES;
				CLANG_WARN_INT_CONVERSION = YES;
				CLANG_WARN_NON_LITERAL_NULL_CONVERSION = YES;
				CLANG_WARN_OBJC_IMPLICIT_RETAIN_SELF = YES;
				CLANG_WARN_OBJC_LITERAL_CONVERSION = YES;
				CLANG_WARN_OBJC_ROOT_CLASS = YES_ERROR;
				CLANG_WARN_QUOTED_INCLUDE_IN_FRAMEWORK_HEADER = YES;
				CLANG_WARN_RANGE_LOOP_ANALYSIS = YES;
				CLANG_WARN_STRICT_PROTOTYPES = YES;
				CLANG_WARN_SUSPICIOUS_MOVE = YES;
				CLANG_WARN_UNGUARDED_AVAILABILITY = YES_AGGRESSIVE;
				CLANG_WARN_UNREACHABLE_CODE = YES;
				CLANG_WARN__DUPLICATE_METHOD_MATCH = YES;
				COPY_PHASE_STRIP = NO;
				DEBUG_INFORMATION_FORMAT = "dwarf-with-dsym";
				ENABLE_NS_ASSERTIONS = NO;
				ENABLE_STRICT_OBJC_MSGSEND = YES;
				GCC_C_LANGUAGE_STANDARD = gnu11;
				GCC_NO_COMMON_BLOCKS = YES;
				GCC_WARN_64_TO_32_BIT_CONVERSION = YES;
				GCC_WARN_ABOUT_RETURN_TYPE = YES_ERROR;
				GCC_WARN_UNDECLARED_SELECTOR = YES;
				GCC_WARN_UNINITIALIZED_AUTOS = YES_AGGRESSIVE;
				GCC_WARN_UNUSED_FUNCTION = YES;
				GCC_WARN_UNUSED_VARIABLE = YES;
				IPHONEOS_DEPLOYMENT_TARGET = 14.0;
				MTL_ENABLE_DEBUG_INFO = NO;
				MTL_FAST_MATH = YES;
				SDKROOT = iphoneos;
				SWIFT_COMPILATION_MODE = wholemodule;
				SWIFT_OPTIMIZATION_LEVEL = "-O";
				VALIDATE_PRODUCT = YES;
			};
			name = Release;
		};
		6C60005E24FA579900D16F98 /* Debug */ = {
			isa = XCBuildConfiguration;
			baseConfigurationReference = 7A35A07833E210F0B1EF5114 /* Pods-product_homemade_recipe.debug.xcconfig */;
			buildSettings = {
				ASSETCATALOG_COMPILER_APPICON_NAME = AppIcon;
				ASSETCATALOG_COMPILER_GLOBAL_ACCENT_COLOR_NAME = AccentColor;
				CODE_SIGN_STYLE = Automatic;
				DEVELOPMENT_TEAM = KF6724J2G9;
				INFOPLIST_FILE = product_homemade_recipe/Info.plist;
				LD_RUNPATH_SEARCH_PATHS = (
					"$(inherited)",
					"@executable_path/Frameworks",
				);
				PRODUCT_BUNDLE_IDENTIFIER = "omar.product-homemade-recipe";
				PRODUCT_NAME = "$(TARGET_NAME)";
				SWIFT_VERSION = 5.0;
				TARGETED_DEVICE_FAMILY = "1,2";
			};
			name = Debug;
		};
		6C60005F24FA579900D16F98 /* Release */ = {
			isa = XCBuildConfiguration;
			baseConfigurationReference = 0C22815E4E8A25385E7907FD /* Pods-product_homemade_recipe.release.xcconfig */;
			buildSettings = {
				ASSETCATALOG_COMPILER_APPICON_NAME = AppIcon;
				ASSETCATALOG_COMPILER_GLOBAL_ACCENT_COLOR_NAME = AccentColor;
				CODE_SIGN_STYLE = Automatic;
				DEVELOPMENT_TEAM = KF6724J2G9;
				INFOPLIST_FILE = product_homemade_recipe/Info.plist;
				LD_RUNPATH_SEARCH_PATHS = (
					"$(inherited)",
					"@executable_path/Frameworks",
				);
				PRODUCT_BUNDLE_IDENTIFIER = "omar.product-homemade-recipe";
				PRODUCT_NAME = "$(TARGET_NAME)";
				SWIFT_VERSION = 5.0;
				TARGETED_DEVICE_FAMILY = "1,2";
			};
			name = Release;
		};
/* End XCBuildConfiguration section */

/* Begin XCConfigurationList section */
		6C60004224FA579700D16F98 /* Build configuration list for PBXProject "product_homemade_recipe" */ = {
			isa = XCConfigurationList;
			buildConfigurations = (
				6C60005B24FA579900D16F98 /* Debug */,
				6C60005C24FA579900D16F98 /* Release */,
			);
			defaultConfigurationIsVisible = 0;
			defaultConfigurationName = Release;
		};
		6C60005D24FA579900D16F98 /* Build configuration list for PBXNativeTarget "product_homemade_recipe" */ = {
			isa = XCConfigurationList;
			buildConfigurations = (
				6C60005E24FA579900D16F98 /* Debug */,
				6C60005F24FA579900D16F98 /* Release */,
			);
			defaultConfigurationIsVisible = 0;
			defaultConfigurationName = Release;
		};
/* End XCConfigurationList section */
	};
	rootObject = 6C60003F24FA579700D16F98 /* Project object */;
}
